
Microsoft Visual Studio Solution File, Format Version 12.00
# Visual Studio Version 16
VisualStudioVersion = 16.0.29326.143
MinimumVisualStudioVersion = 10.0.40219.1
Project("{9A19103F-16F7-4668-BE54-9A1E7A4F7556}") = "Storage", "Storage\Storage.csproj", "{70A7EA4F-E680-47F3-8BC8-4D5B05CDC63D}"
EndProject
Project("{9A19103F-16F7-4668-BE54-9A1E7A4F7556}") = "StorageTest", "StorageTest\StorageTest.csproj", "{2A93FFEF-2437-45DA-9323-D8C50E409576}"
EndProject
Project("{2150E333-8FDC-42A3-9474-1A3956D46DE8}") = "Solution Items", "Solution Items", "{FFD62FB7-9078-41A8-BFCC-DEB79BCBDA0B}"
	ProjectSection(SolutionItems) = preProject
		Design.pptx = Design.pptx
		Manual.md = Manual.md
		README.md = README.md
	EndProjectSection
EndProject
Project("{9A19103F-16F7-4668-BE54-9A1E7A4F7556}") = "StorageBenchmark", "StorageBenchmark\StorageBenchmark.csproj", "{29B2D26E-999D-4DD7-97A9-C11BEFB3EAF9}"
EndProject
Project("{9A19103F-16F7-4668-BE54-9A1E7A4F7556}") = "StorageClassGenerator", "StorageClassGenerator\StorageClassGenerator.csproj", "{FBE4DAF7-5E8F-4E95-9D5D-6EA6A4D53AFF}"
EndProject
Project("{9A19103F-16F7-4668-BE54-9A1E7A4F7556}") = "StorageModel", "StorageModel\StorageModel.csproj", "{A1263837-3188-4E5F-B5B4-1F2B64A7EA3A}"
EndProject
Project("{9A19103F-16F7-4668-BE54-9A1E7A4F7556}") = "StorageDataContext", "StorageDataContext\StorageDataContext.csproj", "{F16FDDCC-EC41-4098-985A-6E7AEB1D31C5}"
EndProject
Global
	GlobalSection(SolutionConfigurationPlatforms) = preSolution
		Debug|Any CPU = Debug|Any CPU
		Release|Any CPU = Release|Any CPU
	EndGlobalSection
	GlobalSection(ProjectConfigurationPlatforms) = postSolution
		{70A7EA4F-E680-47F3-8BC8-4D5B05CDC63D}.Debug|Any CPU.ActiveCfg = Debug|Any CPU
		{70A7EA4F-E680-47F3-8BC8-4D5B05CDC63D}.Debug|Any CPU.Build.0 = Debug|Any CPU
		{70A7EA4F-E680-47F3-8BC8-4D5B05CDC63D}.Release|Any CPU.ActiveCfg = Release|Any CPU
		{70A7EA4F-E680-47F3-8BC8-4D5B05CDC63D}.Release|Any CPU.Build.0 = Release|Any CPU
		{2A93FFEF-2437-45DA-9323-D8C50E409576}.Debug|Any CPU.ActiveCfg = Debug|Any CPU
		{2A93FFEF-2437-45DA-9323-D8C50E409576}.Debug|Any CPU.Build.0 = Debug|Any CPU
		{2A93FFEF-2437-45DA-9323-D8C50E409576}.Release|Any CPU.ActiveCfg = Release|Any CPU
		{2A93FFEF-2437-45DA-9323-D8C50E409576}.Release|Any CPU.Build.0 = Release|Any CPU
		{29B2D26E-999D-4DD7-97A9-C11BEFB3EAF9}.Debug|Any CPU.ActiveCfg = Debug|Any CPU
		{29B2D26E-999D-4DD7-97A9-C11BEFB3EAF9}.Debug|Any CPU.Build.0 = Debug|Any CPU
		{29B2D26E-999D-4DD7-97A9-C11BEFB3EAF9}.Release|Any CPU.ActiveCfg = Release|Any CPU
		{29B2D26E-999D-4DD7-97A9-C11BEFB3EAF9}.Release|Any CPU.Build.0 = Release|Any CPU
		{FBE4DAF7-5E8F-4E95-9D5D-6EA6A4D53AFF}.Debug|Any CPU.ActiveCfg = Debug|Any CPU
		{FBE4DAF7-5E8F-4E95-9D5D-6EA6A4D53AFF}.Debug|Any CPU.Build.0 = Debug|Any CPU
		{FBE4DAF7-5E8F-4E95-9D5D-6EA6A4D53AFF}.Release|Any CPU.ActiveCfg = Release|Any CPU
		{FBE4DAF7-5E8F-4E95-9D5D-6EA6A4D53AFF}.Release|Any CPU.Build.0 = Release|Any CPU
		{A1263837-3188-4E5F-B5B4-1F2B64A7EA3A}.Debug|Any CPU.ActiveCfg = Debug|Any CPU
		{A1263837-3188-4E5F-B5B4-1F2B64A7EA3A}.Debug|Any CPU.Build.0 = Debug|Any CPU
		{A1263837-3188-4E5F-B5B4-1F2B64A7EA3A}.Release|Any CPU.ActiveCfg = Release|Any CPU
		{A1263837-3188-4E5F-B5B4-1F2B64A7EA3A}.Release|Any CPU.Build.0 = Release|Any CPU
		{F16FDDCC-EC41-4098-985A-6E7AEB1D31C5}.Debug|Any CPU.ActiveCfg = Debug|Any CPU
		{F16FDDCC-EC41-4098-985A-6E7AEB1D31C5}.Debug|Any CPU.Build.0 = Debug|Any CPU
		{F16FDDCC-EC41-4098-985A-6E7AEB1D31C5}.Release|Any CPU.ActiveCfg = Release|Any CPU
		{F16FDDCC-EC41-4098-985A-6E7AEB1D31C5}.Release|Any CPU.Build.0 = Release|Any CPU
	EndGlobalSection
	GlobalSection(SolutionProperties) = preSolution
		HideSolutionNode = FALSE
	EndGlobalSection
	GlobalSection(ExtensibilityGlobals) = postSolution
		SolutionGuid = {9509697D-720E-4BFA-AB4F-4559E03EEA34}
	EndGlobalSection
EndGlobal
